
Microsoft Visual Studio Solution File, Format Version 12.00
# Visual Studio 14
VisualStudioVersion = 14.0.25420.1
MinimumVisualStudioVersion = 10.0.40219.1
Project("{2150E333-8FDC-42A3-9474-1A3956D46DE8}") = "src", "src", "{893DD6CF-A41A-4BB5-8F32-162210946EFF}"
EndProject
Project("{2150E333-8FDC-42A3-9474-1A3956D46DE8}") = "Solution Items", "Solution Items", "{10EB82CB-D49F-4B5D-9B79-7C061C73330D}"
	ProjectSection(SolutionItems) = preProject
		global.json = global.json
		NuGet.config = NuGet.config
	EndProjectSection
EndProject
Project("{8BB2217D-0F2D-49D1-97BC-3654ED321F3B}") = "WebApplication3", "src\WebApplication3\WebApplication3.xproj", "{0144AC75-2C14-454E-9B89-73DE58056425}"
EndProject
Global
	GlobalSection(SolutionConfigurationPlatforms) = preSolution
		Debug|Any CPU = Debug|Any CPU
		Release|Any CPU = Release|Any CPU
	EndGlobalSection
	GlobalSection(ProjectConfigurationPlatforms) = postSolution
		{0144AC75-2C14-454E-9B89-73DE58056425}.Debug|Any CPU.ActiveCfg = Debug|Any CPU
		{0144AC75-2C14-454E-9B89-73DE58056425}.Debug|Any CPU.Build.0 = Debug|Any CPU
		{0144AC75-2C14-454E-9B89-73DE58056425}.Release|Any CPU.ActiveCfg = Release|Any CPU
		{0144AC75-2C14-454E-9B89-73DE58056425}.Release|Any CPU.Build.0 = Release|Any CPU
	EndGlobalSection
	GlobalSection(SolutionProperties) = preSolution
		HideSolutionNode = FALSE
	EndGlobalSection
	GlobalSection(NestedProjects) = preSolution
		{0144AC75-2C14-454E-9B89-73DE58056425} = {893DD6CF-A41A-4BB5-8F32-162210946EFF}
	EndGlobalSection
EndGlobal
